
Microsoft Visual Studio Solution File, Format Version 11.00
# Visual Studio 2010
Project("{FAE04EC0-301F-11D3-BF4B-00C04F79EFBC}") = "DASP.DataAccess", "DASP.DataAccess\DASP.DataAccess.csproj", "{1001E00D-B861-4E70-B798-F9136466BA98}"
EndProject
Project("{2150E333-8FDC-42A3-9474-1A3956D46DE8}") = "Infrastructure", "Infrastructure", "{8814BD12-1D59-47C6-9F76-AC4A036CCD23}"
EndProject
Project("{FAE04EC0-301F-11D3-BF4B-00C04F79EFBC}") = "DASP.Domain", "DASP.Domain\DASP.Domain.csproj", "{7D4D8DA9-6902-4F0C-8726-6B376757EB50}"
EndProject
Project("{FAE04EC0-301F-11D3-BF4B-00C04F79EFBC}") = "DASP.Business", "DASP.Business\DASP.Business.csproj", "{9564EF01-9BBC-4259-9A55-001FC9806A8A}"
EndProject
Project("{2150E333-8FDC-42A3-9474-1A3956D46DE8}") = "UI", "UI", "{DAA60222-E9CD-441C-BE86-30F16814AEE3}"
EndProject
Project("{2150E333-8FDC-42A3-9474-1A3956D46DE8}") = "Core", "Core", "{4AD95F16-1721-4F1B-8363-13B2DA411E3D}"
EndProject
Project("{FAE04EC0-301F-11D3-BF4B-00C04F79EFBC}") = "DASP.Core", "DASP.Core\DASP.Core.csproj", "{D973D5FE-E2A5-4A39-A195-EF9B46B2B679}"
EndProject
Project("{FAE04EC0-301F-11D3-BF4B-00C04F79EFBC}") = "DASP.Tools", "DASP.Tools\DASP.Tools.csproj", "{1BEFDA88-91E8-467B-883A-16CB17CF6C90}"
EndProject
Project("{FAE04EC0-301F-11D3-BF4B-00C04F79EFBC}") = "DASPClient", "DASPClient\DASPClient.csproj", "{7317A2D4-4119-4350-83A8-0EC44F086EB8}"
EndProject
Project("{FAE04EC0-301F-11D3-BF4B-00C04F79EFBC}") = "DASP.ZControls", "DASP.ZControls\DASP.ZControls.csproj", "{3E4CA8B5-22EF-43E7-ABE2-7AFCE18B327A}"
EndProject
Project("{FAE04EC0-301F-11D3-BF4B-00C04F79EFBC}") = "Validators", "Validators\Validators.csproj", "{07AFA8E7-4915-4A90-A0A9-78A601804FDE}"
EndProject
Project("{FAE04EC0-301F-11D3-BF4B-00C04F79EFBC}") = "DASPTool", "DASPTool\DASPTool.csproj", "{F7BFBF97-9B13-4022-8CF6-B4A63049F13D}"
EndProject
Global
	GlobalSection(SolutionConfigurationPlatforms) = preSolution
		Debug|Any CPU = Debug|Any CPU
		Debug|Mixed Platforms = Debug|Mixed Platforms
		Debug|x86 = Debug|x86
		Release|Any CPU = Release|Any CPU
		Release|Mixed Platforms = Release|Mixed Platforms
		Release|x86 = Release|x86
	EndGlobalSection
	GlobalSection(ProjectConfigurationPlatforms) = postSolution
		{1001E00D-B861-4E70-B798-F9136466BA98}.Debug|Any CPU.ActiveCfg = Debug|Any CPU
		{1001E00D-B861-4E70-B798-F9136466BA98}.Debug|Any CPU.Build.0 = Debug|Any CPU
		{1001E00D-B861-4E70-B798-F9136466BA98}.Debug|Mixed Platforms.ActiveCfg = Debug|Any CPU
		{1001E00D-B861-4E70-B798-F9136466BA98}.Debug|Mixed Platforms.Build.0 = Debug|Any CPU
		{1001E00D-B861-4E70-B798-F9136466BA98}.Debug|x86.ActiveCfg = Debug|Any CPU
		{1001E00D-B861-4E70-B798-F9136466BA98}.Release|Any CPU.ActiveCfg = Release|Any CPU
		{1001E00D-B861-4E70-B798-F9136466BA98}.Release|Any CPU.Build.0 = Release|Any CPU
		{1001E00D-B861-4E70-B798-F9136466BA98}.Release|Mixed Platforms.ActiveCfg = Release|Any CPU
		{1001E00D-B861-4E70-B798-F9136466BA98}.Release|Mixed Platforms.Build.0 = Release|Any CPU
		{1001E00D-B861-4E70-B798-F9136466BA98}.Release|x86.ActiveCfg = Release|Any CPU
		{7D4D8DA9-6902-4F0C-8726-6B376757EB50}.Debug|Any CPU.ActiveCfg = Debug|Any CPU
		{7D4D8DA9-6902-4F0C-8726-6B376757EB50}.Debug|Any CPU.Build.0 = Debug|Any CPU
		{7D4D8DA9-6902-4F0C-8726-6B376757EB50}.Debug|Mixed Platforms.ActiveCfg = Debug|Any CPU
		{7D4D8DA9-6902-4F0C-8726-6B376757EB50}.Debug|Mixed Platforms.Build.0 = Debug|Any CPU
		{7D4D8DA9-6902-4F0C-8726-6B376757EB50}.Debug|x86.ActiveCfg = Debug|Any CPU
		{7D4D8DA9-6902-4F0C-8726-6B376757EB50}.Release|Any CPU.ActiveCfg = Release|Any CPU
		{7D4D8DA9-6902-4F0C-8726-6B376757EB50}.Release|Any CPU.Build.0 = Release|Any CPU
		{7D4D8DA9-6902-4F0C-8726-6B376757EB50}.Release|Mixed Platforms.ActiveCfg = Release|Any CPU
		{7D4D8DA9-6902-4F0C-8726-6B376757EB50}.Release|Mixed Platforms.Build.0 = Release|Any CPU
		{7D4D8DA9-6902-4F0C-8726-6B376757EB50}.Release|x86.ActiveCfg = Release|Any CPU
		{9564EF01-9BBC-4259-9A55-001FC9806A8A}.Debug|Any CPU.ActiveCfg = Debug|Any CPU
		{9564EF01-9BBC-4259-9A55-001FC9806A8A}.Debug|Any CPU.Build.0 = Debug|Any CPU
		{9564EF01-9BBC-4259-9A55-001FC9806A8A}.Debug|Mixed Platforms.ActiveCfg = Debug|Any CPU
		{9564EF01-9BBC-4259-9A55-001FC9806A8A}.Debug|Mixed Platforms.Build.0 = Debug|Any CPU
		{9564EF01-9BBC-4259-9A55-001FC9806A8A}.Debug|x86.ActiveCfg = Debug|Any CPU
		{9564EF01-9BBC-4259-9A55-001FC9806A8A}.Release|Any CPU.ActiveCfg = Release|Any CPU
		{9564EF01-9BBC-4259-9A55-001FC9806A8A}.Release|Any CPU.Build.0 = Release|Any CPU
		{9564EF01-9BBC-4259-9A55-001FC9806A8A}.Release|Mixed Platforms.ActiveCfg = Release|Any CPU
		{9564EF01-9BBC-4259-9A55-001FC9806A8A}.Release|Mixed Platforms.Build.0 = Release|Any CPU
		{9564EF01-9BBC-4259-9A55-001FC9806A8A}.Release|x86.ActiveCfg = Release|Any CPU
		{D973D5FE-E2A5-4A39-A195-EF9B46B2B679}.Debug|Any CPU.ActiveCfg = Debug|Any CPU
		{D973D5FE-E2A5-4A39-A195-EF9B46B2B679}.Debug|Any CPU.Build.0 = Debug|Any CPU
		{D973D5FE-E2A5-4A39-A195-EF9B46B2B679}.Debug|Mixed Platforms.ActiveCfg = Debug|Any CPU
		{D973D5FE-E2A5-4A39-A195-EF9B46B2B679}.Debug|Mixed Platforms.Build.0 = Debug|Any CPU
		{D973D5FE-E2A5-4A39-A195-EF9B46B2B679}.Debug|x86.ActiveCfg = Debug|Any CPU
		{D973D5FE-E2A5-4A39-A195-EF9B46B2B679}.Release|Any CPU.ActiveCfg = Release|Any CPU
		{D973D5FE-E2A5-4A39-A195-EF9B46B2B679}.Release|Any CPU.Build.0 = Release|Any CPU
		{D973D5FE-E2A5-4A39-A195-EF9B46B2B679}.Release|Mixed Platforms.ActiveCfg = Release|Any CPU
		{D973D5FE-E2A5-4A39-A195-EF9B46B2B679}.Release|Mixed Platforms.Build.0 = Release|Any CPU
		{D973D5FE-E2A5-4A39-A195-EF9B46B2B679}.Release|x86.ActiveCfg = Release|Any CPU
		{1BEFDA88-91E8-467B-883A-16CB17CF6C90}.Debug|Any CPU.ActiveCfg = Debug|Any CPU
		{1BEFDA88-91E8-467B-883A-16CB17CF6C90}.Debug|Any CPU.Build.0 = Debug|Any CPU
		{1BEFDA88-91E8-467B-883A-16CB17CF6C90}.Debug|Mixed Platforms.ActiveCfg = Debug|Any CPU
		{1BEFDA88-91E8-467B-883A-16CB17CF6C90}.Debug|Mixed Platforms.Build.0 = Debug|Any CPU
		{1BEFDA88-91E8-467B-883A-16CB17CF6C90}.Debug|x86.ActiveCfg = Debug|Any CPU
		{1BEFDA88-91E8-467B-883A-16CB17CF6C90}.Release|Any CPU.ActiveCfg = Release|Any CPU
		{1BEFDA88-91E8-467B-883A-16CB17CF6C90}.Release|Any CPU.Build.0 = Release|Any CPU
		{1BEFDA88-91E8-467B-883A-16CB17CF6C90}.Release|Mixed Platforms.ActiveCfg = Release|Any CPU
		{1BEFDA88-91E8-467B-883A-16CB17CF6C90}.Release|Mixed Platforms.Build.0 = Release|Any CPU
		{1BEFDA88-91E8-467B-883A-16CB17CF6C90}.Release|x86.ActiveCfg = Release|Any CPU
		{7317A2D4-4119-4350-83A8-0EC44F086EB8}.Debug|Any CPU.ActiveCfg = Debug|x86
		{7317A2D4-4119-4350-83A8-0EC44F086EB8}.Debug|Mixed Platforms.ActiveCfg = Debug|x86
		{7317A2D4-4119-4350-83A8-0EC44F086EB8}.Debug|Mixed Platforms.Build.0 = Debug|x86
		{7317A2D4-4119-4350-83A8-0EC44F086EB8}.Debug|x86.ActiveCfg = Debug|x86
		{7317A2D4-4119-4350-83A8-0EC44F086EB8}.Debug|x86.Build.0 = Debug|x86
		{7317A2D4-4119-4350-83A8-0EC44F086EB8}.Release|Any CPU.ActiveCfg = Release|x86
		{7317A2D4-4119-4350-83A8-0EC44F086EB8}.Release|Mixed Platforms.ActiveCfg = Release|x86
		{7317A2D4-4119-4350-83A8-0EC44F086EB8}.Release|Mixed Platforms.Build.0 = Release|x86
		{7317A2D4-4119-4350-83A8-0EC44F086EB8}.Release|x86.ActiveCfg = Release|x86
		{7317A2D4-4119-4350-83A8-0EC44F086EB8}.Release|x86.Build.0 = Release|x86
		{3E4CA8B5-22EF-43E7-ABE2-7AFCE18B327A}.Debug|Any CPU.ActiveCfg = Debug|Any CPU
		{3E4CA8B5-22EF-43E7-ABE2-7AFCE18B327A}.Debug|Any CPU.Build.0 = Debug|Any CPU
		{3E4CA8B5-22EF-43E7-ABE2-7AFCE18B327A}.Debug|Mixed Platforms.ActiveCfg = Debug|Any CPU
		{3E4CA8B5-22EF-43E7-ABE2-7AFCE18B327A}.Debug|Mixed Platforms.Build.0 = Debug|Any CPU
		{3E4CA8B5-22EF-43E7-ABE2-7AFCE18B327A}.Debug|x86.ActiveCfg = Debug|Any CPU
		{3E4CA8B5-22EF-43E7-ABE2-7AFCE18B327A}.Release|Any CPU.ActiveCfg = Release|Any CPU
		{3E4CA8B5-22EF-43E7-ABE2-7AFCE18B327A}.Release|Any CPU.Build.0 = Release|Any CPU
		{3E4CA8B5-22EF-43E7-ABE2-7AFCE18B327A}.Release|Mixed Platforms.ActiveCfg = Release|Any CPU
		{3E4CA8B5-22EF-43E7-ABE2-7AFCE18B327A}.Release|Mixed Platforms.Build.0 = Release|Any CPU
		{3E4CA8B5-22EF-43E7-ABE2-7AFCE18B327A}.Release|x86.ActiveCfg = Release|Any CPU
		{07AFA8E7-4915-4A90-A0A9-78A601804FDE}.Debug|Any CPU.ActiveCfg = Debug|Any CPU
		{07AFA8E7-4915-4A90-A0A9-78A601804FDE}.Debug|Any CPU.Build.0 = Debug|Any CPU
		{07AFA8E7-4915-4A90-A0A9-78A601804FDE}.Debug|Mixed Platforms.ActiveCfg = Debug|Any CPU
		{07AFA8E7-4915-4A90-A0A9-78A601804FDE}.Debug|Mixed Platforms.Build.0 = Debug|Any CPU
		{07AFA8E7-4915-4A90-A0A9-78A601804FDE}.Debug|x86.ActiveCfg = Debug|Any CPU
		{07AFA8E7-4915-4A90-A0A9-78A601804FDE}.Release|Any CPU.ActiveCfg = Release|Any CPU
		{07AFA8E7-4915-4A90-A0A9-78A601804FDE}.Release|Any CPU.Build.0 = Release|Any CPU
		{07AFA8E7-4915-4A90-A0A9-78A601804FDE}.Release|Mixed Platforms.ActiveCfg = Release|Any CPU
		{07AFA8E7-4915-4A90-A0A9-78A601804FDE}.Release|Mixed Platforms.Build.0 = Release|Any CPU
		{07AFA8E7-4915-4A90-A0A9-78A601804FDE}.Release|x86.ActiveCfg = Release|Any CPU
		{F7BFBF97-9B13-4022-8CF6-B4A63049F13D}.Debug|Any CPU.ActiveCfg = Debug|x86
		{F7BFBF97-9B13-4022-8CF6-B4A63049F13D}.Debug|Mixed Platforms.ActiveCfg = Debug|x86
		{F7BFBF97-9B13-4022-8CF6-B4A63049F13D}.Debug|Mixed Platforms.Build.0 = Debug|x86
		{F7BFBF97-9B13-4022-8CF6-B4A63049F13D}.Debug|x86.ActiveCfg = Debug|x86
		{F7BFBF97-9B13-4022-8CF6-B4A63049F13D}.Debug|x86.Build.0 = Debug|x86
		{F7BFBF97-9B13-4022-8CF6-B4A63049F13D}.Release|Any CPU.ActiveCfg = Release|x86
		{F7BFBF97-9B13-4022-8CF6-B4A63049F13D}.Release|Mixed Platforms.ActiveCfg = Release|x86
		{F7BFBF97-9B13-4022-8CF6-B4A63049F13D}.Release|Mixed Platforms.Build.0 = Release|x86
		{F7BFBF97-9B13-4022-8CF6-B4A63049F13D}.Release|x86.ActiveCfg = Release|x86
		{F7BFBF97-9B13-4022-8CF6-B4A63049F13D}.Release|x86.Build.0 = Release|x86
	EndGlobalSection
	GlobalSection(SolutionProperties) = preSolution
		HideSolutionNode = FALSE
	EndGlobalSection
	GlobalSection(NestedProjects) = preSolution
		{1001E00D-B861-4E70-B798-F9136466BA98} = {8814BD12-1D59-47C6-9F76-AC4A036CCD23}
		{7D4D8DA9-6902-4F0C-8726-6B376757EB50} = {8814BD12-1D59-47C6-9F76-AC4A036CCD23}
		{9564EF01-9BBC-4259-9A55-001FC9806A8A} = {8814BD12-1D59-47C6-9F76-AC4A036CCD23}
		{7317A2D4-4119-4350-83A8-0EC44F086EB8} = {DAA60222-E9CD-441C-BE86-30F16814AEE3}
		{F7BFBF97-9B13-4022-8CF6-B4A63049F13D} = {DAA60222-E9CD-441C-BE86-30F16814AEE3}
		{D973D5FE-E2A5-4A39-A195-EF9B46B2B679} = {4AD95F16-1721-4F1B-8363-13B2DA411E3D}
		{1BEFDA88-91E8-467B-883A-16CB17CF6C90} = {4AD95F16-1721-4F1B-8363-13B2DA411E3D}
		{3E4CA8B5-22EF-43E7-ABE2-7AFCE18B327A} = {4AD95F16-1721-4F1B-8363-13B2DA411E3D}
		{07AFA8E7-4915-4A90-A0A9-78A601804FDE} = {4AD95F16-1721-4F1B-8363-13B2DA411E3D}
	EndGlobalSection
EndGlobal
